# This file is autogenerated, do not edit; changes may be undone by the next 'dep ensure'.


[[projects]]
  name = "github.com/tealeg/xlsx"
  packages = ["."]
  revision = "8be35264fa75a1bbe954ce51eba04f273e2c59e5"
  version = "v1.0.3"

[solve-meta]
  analyzer-name = "dep"
  analyzer-version = 1
  inputs-digest = "ac8a23a08b92cf25234b5b72dbefae4e8a6dd453d9affff27b41d610802d1649"
  solver-name = "gps-cdcl"
  solver-version = 1
